
Microsoft Visual Studio Solution File, Format Version 12.00
# Visual Studio Version 17
VisualStudioVersion = 17.0.31903.59
MinimumVisualStudioVersion = 10.0.40219.1
Project("{FAE04EC0-301F-11D3-BF4B-00C04F79EFBC}") = "ContosoPettingZoo", "ContosoPettingZoo\ContosoPettingZoo.csproj", "{FBDA8D50-93AD-4025-A040-0EABED1AA3AE}"
EndProject
Project("{FAE04EC0-301F-11D3-BF4B-00C04F79EFBC}") = "ContosoPettingZoo.Tests", "ContosoPettingZoo.Tests\ContosoPettingZoo.Tests.csproj", "{77373022-3DD3-4C9F-A7FE-87EA2BF22707}"
EndProject
Global
	GlobalSection(SolutionConfigurationPlatforms) = preSolution
		Debug|Any CPU = Debug|Any CPU
		Release|Any CPU = Release|Any CPU
	EndGlobalSection
	GlobalSection(SolutionProperties) = preSolution
		HideSolutionNode = FALSE
	EndGlobalSection
	GlobalSection(ProjectConfigurationPlatforms) = postSolution
		{FBDA8D50-93AD-4025-A040-0EABED1AA3AE}.Debug|Any CPU.ActiveCfg = Debug|Any CPU
		{FBDA8D50-93AD-4025-A040-0EABED1AA3AE}.Debug|Any CPU.Build.0 = Debug|Any CPU
		{FBDA8D50-93AD-4025-A040-0EABED1AA3AE}.Release|Any CPU.ActiveCfg = Release|Any CPU
		{FBDA8D50-93AD-4025-A040-0EABED1AA3AE}.Release|Any CPU.Build.0 = Release|Any CPU
		{77373022-3DD3-4C9F-A7FE-87EA2BF22707}.Debug|Any CPU.ActiveCfg = Debug|Any CPU
		{77373022-3DD3-4C9F-A7FE-87EA2BF22707}.Debug|Any CPU.Build.0 = Debug|Any CPU
		{77373022-3DD3-4C9F-A7FE-87EA2BF22707}.Release|Any CPU.ActiveCfg = Release|Any CPU
		{77373022-3DD3-4C9F-A7FE-87EA2BF22707}.Release|Any CPU.Build.0 = Release|Any CPU
	EndGlobalSection
EndGlobal
